// !$*UTF8*$!
{
	archiveVersion = 1;
	classes = {
	};
	objectVersion = 56;
	objects = {

/* Begin PBXBuildFile section */
		580AF4532C1CC118000FFDE3 /* MetricsHandler.swift in Sources */ = {isa = PBXBuildFile; fileRef = 580AF4522C1CC118000FFDE3 /* MetricsHandler.swift */; };
		580AF4552C1CCF89000FFDE3 /* Metrics.swift in Sources */ = {isa = PBXBuildFile; fileRef = 580AF4542C1CCF89000FFDE3 /* Metrics.swift */; };
		585DCF392BDC4F7100FC5F04 /* AccelerometerManager.swift in Sources */ = {isa = PBXBuildFile; fileRef = 585DCF382BDC4F7100FC5F04 /* AccelerometerManager.swift */; };
		585DCF592BDC542400FC5F04 /* CNNMagnitudePruner.mlpackage in Sources */ = {isa = PBXBuildFile; fileRef = 585DCF402BDC542300FC5F04 /* CNNMagnitudePruner.mlpackage */; };
		585DCF5B2BDC542400FC5F04 /* GRU.mlpackage in Sources */ = {isa = PBXBuildFile; fileRef = 585DCF412BDC542300FC5F04 /* GRU.mlpackage */; };
		585DCF5D2BDC542400FC5F04 /* MLPMagnitudePruner.mlpackage in Sources */ = {isa = PBXBuildFile; fileRef = 585DCF422BDC542300FC5F04 /* MLPMagnitudePruner.mlpackage */; };
		585DCF5F2BDC542400FC5F04 /* MLPThresholdPruner.mlpackage in Sources */ = {isa = PBXBuildFile; fileRef = 585DCF432BDC542300FC5F04 /* MLPThresholdPruner.mlpackage */; };
		585DCF612BDC542400FC5F04 /* CNN.mlpackage in Sources */ = {isa = PBXBuildFile; fileRef = 585DCF442BDC542300FC5F04 /* CNN.mlpackage */; };
		585DCF632BDC542400FC5F04 /* LSTMPalettizationLUT.mlpackage in Sources */ = {isa = PBXBuildFile; fileRef = 585DCF452BDC542400FC5F04 /* LSTMPalettizationLUT.mlpackage */; };
		585DCF652BDC542400FC5F04 /* GRUMagnitudePruner.mlpackage in Sources */ = {isa = PBXBuildFile; fileRef = 585DCF462BDC542400FC5F04 /* GRUMagnitudePruner.mlpackage */; };
		585DCF672BDC542400FC5F04 /* TransformerThresholdPruner.mlpackage in Sources */ = {isa = PBXBuildFile; fileRef = 585DCF472BDC542400FC5F04 /* TransformerThresholdPruner.mlpackage */; };
		585DCF692BDC542400FC5F04 /* MLP.mlpackage in Sources */ = {isa = PBXBuildFile; fileRef = 585DCF482BDC542400FC5F04 /* MLP.mlpackage */; };
		585DCF6B2BDC542400FC5F04 /* CNNThresholdPruner.mlpackage in Sources */ = {isa = PBXBuildFile; fileRef = 585DCF492BDC542400FC5F04 /* CNNThresholdPruner.mlpackage */; };
		585DCF6D2BDC542400FC5F04 /* Transformer.mlpackage in Sources */ = {isa = PBXBuildFile; fileRef = 585DCF4A2BDC542400FC5F04 /* Transformer.mlpackage */; };
		585DCF6F2BDC542400FC5F04 /* LSTMMagnitudePruner.mlpackage in Sources */ = {isa = PBXBuildFile; fileRef = 585DCF4B2BDC542400FC5F04 /* LSTMMagnitudePruner.mlpackage */; };
		585DCF712BDC542400FC5F04 /* MLPInt8LSQuantization.mlpackage in Sources */ = {isa = PBXBuildFile; fileRef = 585DCF4C2BDC542400FC5F04 /* MLPInt8LSQuantization.mlpackage */; };
		585DCF732BDC542400FC5F04 /* LSTMThresholdPruner.mlpackage in Sources */ = {isa = PBXBuildFile; fileRef = 585DCF4D2BDC542400FC5F04 /* LSTMThresholdPruner.mlpackage */; };
		585DCF752BDC542400FC5F04 /* GRUThresholdPruner.mlpackage in Sources */ = {isa = PBXBuildFile; fileRef = 585DCF4E2BDC542400FC5F04 /* GRUThresholdPruner.mlpackage */; };
		585DCF772BDC542400FC5F04 /* TransformerInt8LSQuantization.mlpackage in Sources */ = {isa = PBXBuildFile; fileRef = 585DCF4F2BDC542400FC5F04 /* TransformerInt8LSQuantization.mlpackage */; };
		585DCF792BDC542400FC5F04 /* GRUInt8LSQuantization.mlpackage in Sources */ = {isa = PBXBuildFile; fileRef = 585DCF502BDC542400FC5F04 /* GRUInt8LSQuantization.mlpackage */; };
		585DCF7B2BDC542400FC5F04 /* LSTMInt8LSQuantization.mlpackage in Sources */ = {isa = PBXBuildFile; fileRef = 585DCF512BDC542400FC5F04 /* LSTMInt8LSQuantization.mlpackage */; };
		585DCF7D2BDC542400FC5F04 /* LSTM.mlpackage in Sources */ = {isa = PBXBuildFile; fileRef = 585DCF522BDC542400FC5F04 /* LSTM.mlpackage */; };
		585DCF7F2BDC542400FC5F04 /* TransformerMagnitudePruner.mlpackage in Sources */ = {isa = PBXBuildFile; fileRef = 585DCF532BDC542400FC5F04 /* TransformerMagnitudePruner.mlpackage */; };
		585DCF812BDC542400FC5F04 /* CNNPalettizationLUT.mlpackage in Sources */ = {isa = PBXBuildFile; fileRef = 585DCF542BDC542400FC5F04 /* CNNPalettizationLUT.mlpackage */; };
		585DCF832BDC542400FC5F04 /* GRUPalettizationLUT.mlpackage in Sources */ = {isa = PBXBuildFile; fileRef = 585DCF552BDC542400FC5F04 /* GRUPalettizationLUT.mlpackage */; };
		585DCF852BDC542400FC5F04 /* MLPPalettizationLUT.mlpackage in Sources */ = {isa = PBXBuildFile; fileRef = 585DCF562BDC542400FC5F04 /* MLPPalettizationLUT.mlpackage */; };
		585DCF872BDC542400FC5F04 /* CNNInt8LSQuantization.mlpackage in Sources */ = {isa = PBXBuildFile; fileRef = 585DCF572BDC542400FC5F04 /* CNNInt8LSQuantization.mlpackage */; };
		585DCF892BDC542400FC5F04 /* TransformerPalettizationLUT.mlpackage in Sources */ = {isa = PBXBuildFile; fileRef = 585DCF582BDC542400FC5F04 /* TransformerPalettizationLUT.mlpackage */; };
		58B8A4EE2C260E2E0056C722 /* BackgroundTaskManager.swift in Sources */ = {isa = PBXBuildFile; fileRef = 58B8A4ED2C260E2E0056C722 /* BackgroundTaskManager.swift */; };
		58C04B422BDC232D00BBB779 /* lightharApp.swift in Sources */ = {isa = PBXBuildFile; fileRef = 58C04B412BDC232D00BBB779 /* lightharApp.swift */; };
		58C04B462BDC232E00BBB779 /* Assets.xcassets in Resources */ = {isa = PBXBuildFile; fileRef = 58C04B452BDC232E00BBB779 /* Assets.xcassets */; };
		58C04B492BDC232E00BBB779 /* Preview Assets.xcassets in Resources */ = {isa = PBXBuildFile; fileRef = 58C04B482BDC232E00BBB779 /* Preview Assets.xcassets */; };
		58C04B822BDC2FE200BBB779 /* Models.swift in Sources */ = {isa = PBXBuildFile; fileRef = 58C04B812BDC2FE200BBB779 /* Models.swift */; };
		58C90EA92C00FED700198E4B /* ModelSelectionViewUIView.swift in Sources */ = {isa = PBXBuildFile; fileRef = 58C90EA82C00FED700198E4B /* ModelSelectionViewUIView.swift */; };
		58C90EAB2C00FF0800198E4B /* RunningView.swift in Sources */ = {isa = PBXBuildFile; fileRef = 58C90EAA2C00FF0800198E4B /* RunningView.swift */; };
		58C90EAD2C00FF2E00198E4B /* LogsView.swift in Sources */ = {isa = PBXBuildFile; fileRef = 58C90EAC2C00FF2E00198E4B /* LogsView.swift */; };
		58C90EAF2C011AE500198E4B /* Log.swift in Sources */ = {isa = PBXBuildFile; fileRef = 58C90EAE2C011AE500198E4B /* Log.swift */; };
/* End PBXBuildFile section */

/* Begin PBXCopyFilesBuildPhase section */
		58C04B642BDC283200BBB779 /* Embed Watch Content */ = {
			isa = PBXCopyFilesBuildPhase;
			buildActionMask = 2147483647;
			dstPath = "$(CONTENTS_FOLDER_PATH)/Watch";
			dstSubfolderSpec = 16;
			files = (
			);
			name = "Embed Watch Content";
			runOnlyForDeploymentPostprocessing = 0;
		};
/* End PBXCopyFilesBuildPhase section */

/* Begin PBXFileReference section */
		580AF4522C1CC118000FFDE3 /* MetricsHandler.swift */ = {isa = PBXFileReference; lastKnownFileType = sourcecode.swift; path = MetricsHandler.swift; sourceTree = "<group>"; };
		580AF4542C1CCF89000FFDE3 /* Metrics.swift */ = {isa = PBXFileReference; lastKnownFileType = sourcecode.swift; path = Metrics.swift; sourceTree = "<group>"; };
		585DCF382BDC4F7100FC5F04 /* AccelerometerManager.swift */ = {isa = PBXFileReference; lastKnownFileType = sourcecode.swift; path = AccelerometerManager.swift; sourceTree = "<group>"; };
		585DCF402BDC542300FC5F04 /* CNNMagnitudePruner.mlpackage */ = {isa = PBXFileReference; lastKnownFileType = folder.mlpackage; name = CNNMagnitudePruner.mlpackage; path = coreml_models/CNNMagnitudePruner.mlpackage; sourceTree = SOURCE_ROOT; };
		585DCF412BDC542300FC5F04 /* GRU.mlpackage */ = {isa = PBXFileReference; lastKnownFileType = folder.mlpackage; name = GRU.mlpackage; path = coreml_models/GRU.mlpackage; sourceTree = SOURCE_ROOT; };
		585DCF422BDC542300FC5F04 /* MLPMagnitudePruner.mlpackage */ = {isa = PBXFileReference; lastKnownFileType = folder.mlpackage; name = MLPMagnitudePruner.mlpackage; path = coreml_models/MLPMagnitudePruner.mlpackage; sourceTree = SOURCE_ROOT; };
		585DCF432BDC542300FC5F04 /* MLPThresholdPruner.mlpackage */ = {isa = PBXFileReference; lastKnownFileType = folder.mlpackage; name = MLPThresholdPruner.mlpackage; path = coreml_models/MLPThresholdPruner.mlpackage; sourceTree = SOURCE_ROOT; };
		585DCF442BDC542300FC5F04 /* CNN.mlpackage */ = {isa = PBXFileReference; lastKnownFileType = folder.mlpackage; name = CNN.mlpackage; path = coreml_models/CNN.mlpackage; sourceTree = SOURCE_ROOT; };
		585DCF452BDC542400FC5F04 /* LSTMPalettizationLUT.mlpackage */ = {isa = PBXFileReference; lastKnownFileType = folder.mlpackage; name = LSTMPalettizationLUT.mlpackage; path = coreml_models/LSTMPalettizationLUT.mlpackage; sourceTree = SOURCE_ROOT; };
		585DCF462BDC542400FC5F04 /* GRUMagnitudePruner.mlpackage */ = {isa = PBXFileReference; lastKnownFileType = folder.mlpackage; name = GRUMagnitudePruner.mlpackage; path = coreml_models/GRUMagnitudePruner.mlpackage; sourceTree = SOURCE_ROOT; };
		585DCF472BDC542400FC5F04 /* TransformerThresholdPruner.mlpackage */ = {isa = PBXFileReference; lastKnownFileType = folder.mlpackage; name = TransformerThresholdPruner.mlpackage; path = coreml_models/TransformerThresholdPruner.mlpackage; sourceTree = SOURCE_ROOT; };
		585DCF482BDC542400FC5F04 /* MLP.mlpackage */ = {isa = PBXFileReference; lastKnownFileType = folder.mlpackage; name = MLP.mlpackage; path = coreml_models/MLP.mlpackage; sourceTree = SOURCE_ROOT; };
		585DCF492BDC542400FC5F04 /* CNNThresholdPruner.mlpackage */ = {isa = PBXFileReference; lastKnownFileType = folder.mlpackage; name = CNNThresholdPruner.mlpackage; path = coreml_models/CNNThresholdPruner.mlpackage; sourceTree = SOURCE_ROOT; };
		585DCF4A2BDC542400FC5F04 /* Transformer.mlpackage */ = {isa = PBXFileReference; lastKnownFileType = folder.mlpackage; name = Transformer.mlpackage; path = coreml_models/Transformer.mlpackage; sourceTree = SOURCE_ROOT; };
		585DCF4B2BDC542400FC5F04 /* LSTMMagnitudePruner.mlpackage */ = {isa = PBXFileReference; lastKnownFileType = folder.mlpackage; name = LSTMMagnitudePruner.mlpackage; path = coreml_models/LSTMMagnitudePruner.mlpackage; sourceTree = SOURCE_ROOT; };
		585DCF4C2BDC542400FC5F04 /* MLPInt8LSQuantization.mlpackage */ = {isa = PBXFileReference; lastKnownFileType = folder.mlpackage; name = MLPInt8LSQuantization.mlpackage; path = coreml_models/MLPInt8LSQuantization.mlpackage; sourceTree = SOURCE_ROOT; };
		585DCF4D2BDC542400FC5F04 /* LSTMThresholdPruner.mlpackage */ = {isa = PBXFileReference; lastKnownFileType = folder.mlpackage; name = LSTMThresholdPruner.mlpackage; path = coreml_models/LSTMThresholdPruner.mlpackage; sourceTree = SOURCE_ROOT; };
		585DCF4E2BDC542400FC5F04 /* GRUThresholdPruner.mlpackage */ = {isa = PBXFileReference; lastKnownFileType = folder.mlpackage; name = GRUThresholdPruner.mlpackage; path = coreml_models/GRUThresholdPruner.mlpackage; sourceTree = SOURCE_ROOT; };
		585DCF4F2BDC542400FC5F04 /* TransformerInt8LSQuantization.mlpackage */ = {isa = PBXFileReference; lastKnownFileType = folder.mlpackage; name = TransformerInt8LSQuantization.mlpackage; path = coreml_models/TransformerInt8LSQuantization.mlpackage; sourceTree = SOURCE_ROOT; };
		585DCF502BDC542400FC5F04 /* GRUInt8LSQuantization.mlpackage */ = {isa = PBXFileReference; lastKnownFileType = folder.mlpackage; name = GRUInt8LSQuantization.mlpackage; path = coreml_models/GRUInt8LSQuantization.mlpackage; sourceTree = SOURCE_ROOT; };
		585DCF512BDC542400FC5F04 /* LSTMInt8LSQuantization.mlpackage */ = {isa = PBXFileReference; lastKnownFileType = folder.mlpackage; name = LSTMInt8LSQuantization.mlpackage; path = coreml_models/LSTMInt8LSQuantization.mlpackage; sourceTree = SOURCE_ROOT; };
		585DCF522BDC542400FC5F04 /* LSTM.mlpackage */ = {isa = PBXFileReference; lastKnownFileType = folder.mlpackage; name = LSTM.mlpackage; path = coreml_models/LSTM.mlpackage; sourceTree = SOURCE_ROOT; };
		585DCF532BDC542400FC5F04 /* TransformerMagnitudePruner.mlpackage */ = {isa = PBXFileReference; lastKnownFileType = folder.mlpackage; name = TransformerMagnitudePruner.mlpackage; path = coreml_models/TransformerMagnitudePruner.mlpackage; sourceTree = SOURCE_ROOT; };
		585DCF542BDC542400FC5F04 /* CNNPalettizationLUT.mlpackage */ = {isa = PBXFileReference; lastKnownFileType = folder.mlpackage; name = CNNPalettizationLUT.mlpackage; path = coreml_models/CNNPalettizationLUT.mlpackage; sourceTree = SOURCE_ROOT; };
		585DCF552BDC542400FC5F04 /* GRUPalettizationLUT.mlpackage */ = {isa = PBXFileReference; lastKnownFileType = folder.mlpackage; name = GRUPalettizationLUT.mlpackage; path = coreml_models/GRUPalettizationLUT.mlpackage; sourceTree = SOURCE_ROOT; };
		585DCF562BDC542400FC5F04 /* MLPPalettizationLUT.mlpackage */ = {isa = PBXFileReference; lastKnownFileType = folder.mlpackage; name = MLPPalettizationLUT.mlpackage; path = coreml_models/MLPPalettizationLUT.mlpackage; sourceTree = SOURCE_ROOT; };
		585DCF572BDC542400FC5F04 /* CNNInt8LSQuantization.mlpackage */ = {isa = PBXFileReference; lastKnownFileType = folder.mlpackage; name = CNNInt8LSQuantization.mlpackage; path = coreml_models/CNNInt8LSQuantization.mlpackage; sourceTree = SOURCE_ROOT; };
		585DCF582BDC542400FC5F04 /* TransformerPalettizationLUT.mlpackage */ = {isa = PBXFileReference; lastKnownFileType = folder.mlpackage; name = TransformerPalettizationLUT.mlpackage; path = coreml_models/TransformerPalettizationLUT.mlpackage; sourceTree = SOURCE_ROOT; };
		58B8A4EB2C25FB630056C722 /* Info.plist */ = {isa = PBXFileReference; lastKnownFileType = text.plist; path = Info.plist; sourceTree = "<group>"; };
		58B8A4EC2C25FD030056C722 /* lighthar.entitlements */ = {isa = PBXFileReference; lastKnownFileType = text.plist.entitlements; path = lighthar.entitlements; sourceTree = "<group>"; };
		58B8A4ED2C260E2E0056C722 /* BackgroundTaskManager.swift */ = {isa = PBXFileReference; lastKnownFileType = sourcecode.swift; path = BackgroundTaskManager.swift; sourceTree = "<group>"; };
		58C04B3E2BDC232D00BBB779 /* lighthar.app */ = {isa = PBXFileReference; explicitFileType = wrapper.application; includeInIndex = 0; path = lighthar.app; sourceTree = BUILT_PRODUCTS_DIR; };
		58C04B412BDC232D00BBB779 /* lightharApp.swift */ = {isa = PBXFileReference; lastKnownFileType = sourcecode.swift; path = lightharApp.swift; sourceTree = "<group>"; };
		58C04B452BDC232E00BBB779 /* Assets.xcassets */ = {isa = PBXFileReference; lastKnownFileType = folder.assetcatalog; path = Assets.xcassets; sourceTree = "<group>"; };
		58C04B482BDC232E00BBB779 /* Preview Assets.xcassets */ = {isa = PBXFileReference; lastKnownFileType = folder.assetcatalog; path = "Preview Assets.xcassets"; sourceTree = "<group>"; };
		58C04B812BDC2FE200BBB779 /* Models.swift */ = {isa = PBXFileReference; lastKnownFileType = sourcecode.swift; path = Models.swift; sourceTree = "<group>"; };
		58C90EA82C00FED700198E4B /* ModelSelectionViewUIView.swift */ = {isa = PBXFileReference; lastKnownFileType = sourcecode.swift; path = ModelSelectionViewUIView.swift; sourceTree = "<group>"; };
		58C90EAA2C00FF0800198E4B /* RunningView.swift */ = {isa = PBXFileReference; lastKnownFileType = sourcecode.swift; path = RunningView.swift; sourceTree = "<group>"; };
		58C90EAC2C00FF2E00198E4B /* LogsView.swift */ = {isa = PBXFileReference; lastKnownFileType = sourcecode.swift; path = LogsView.swift; sourceTree = "<group>"; };
		58C90EAE2C011AE500198E4B /* Log.swift */ = {isa = PBXFileReference; lastKnownFileType = sourcecode.swift; path = Log.swift; sourceTree = "<group>"; };
/* End PBXFileReference section */

/* Begin PBXFrameworksBuildPhase section */
		58C04B3B2BDC232D00BBB779 /* Frameworks */ = {
			isa = PBXFrameworksBuildPhase;
			buildActionMask = 2147483647;
			files = (
			);
			runOnlyForDeploymentPostprocessing = 0;
		};
/* End PBXFrameworksBuildPhase section */

/* Begin PBXGroup section */
		585DCF3E2BDC507E00FC5F04 /* Models */ = {
			isa = PBXGroup;
			children = (
				585DCF442BDC542300FC5F04 /* CNN.mlpackage */,
				585DCF572BDC542400FC5F04 /* CNNInt8LSQuantization.mlpackage */,
				585DCF402BDC542300FC5F04 /* CNNMagnitudePruner.mlpackage */,
				585DCF542BDC542400FC5F04 /* CNNPalettizationLUT.mlpackage */,
				585DCF492BDC542400FC5F04 /* CNNThresholdPruner.mlpackage */,
				585DCF412BDC542300FC5F04 /* GRU.mlpackage */,
				585DCF502BDC542400FC5F04 /* GRUInt8LSQuantization.mlpackage */,
				585DCF462BDC542400FC5F04 /* GRUMagnitudePruner.mlpackage */,
				585DCF552BDC542400FC5F04 /* GRUPalettizationLUT.mlpackage */,
				585DCF4E2BDC542400FC5F04 /* GRUThresholdPruner.mlpackage */,
				585DCF522BDC542400FC5F04 /* LSTM.mlpackage */,
				585DCF512BDC542400FC5F04 /* LSTMInt8LSQuantization.mlpackage */,
				585DCF4B2BDC542400FC5F04 /* LSTMMagnitudePruner.mlpackage */,
				585DCF452BDC542400FC5F04 /* LSTMPalettizationLUT.mlpackage */,
				585DCF4D2BDC542400FC5F04 /* LSTMThresholdPruner.mlpackage */,
				585DCF482BDC542400FC5F04 /* MLP.mlpackage */,
				585DCF4C2BDC542400FC5F04 /* MLPInt8LSQuantization.mlpackage */,
				585DCF422BDC542300FC5F04 /* MLPMagnitudePruner.mlpackage */,
				585DCF562BDC542400FC5F04 /* MLPPalettizationLUT.mlpackage */,
				585DCF432BDC542300FC5F04 /* MLPThresholdPruner.mlpackage */,
				585DCF4A2BDC542400FC5F04 /* Transformer.mlpackage */,
				585DCF4F2BDC542400FC5F04 /* TransformerInt8LSQuantization.mlpackage */,
				585DCF532BDC542400FC5F04 /* TransformerMagnitudePruner.mlpackage */,
				585DCF582BDC542400FC5F04 /* TransformerPalettizationLUT.mlpackage */,
				585DCF472BDC542400FC5F04 /* TransformerThresholdPruner.mlpackage */,
			);
			path = Models;
			sourceTree = "<group>";
		};
		585DCF3F2BDC509400FC5F04 /* Manager */ = {
			isa = PBXGroup;
			children = (
				585DCF382BDC4F7100FC5F04 /* AccelerometerManager.swift */,
				580AF4522C1CC118000FFDE3 /* MetricsHandler.swift */,
				58B8A4ED2C260E2E0056C722 /* BackgroundTaskManager.swift */,
			);
			path = Manager;
			sourceTree = "<group>";
		};
		58C04B352BDC232D00BBB779 = {
			isa = PBXGroup;
			children = (
				58C04B402BDC232D00BBB779 /* lighthar */,
				58C04B3F2BDC232D00BBB779 /* Products */,
			);
			sourceTree = "<group>";
		};
		58C04B3F2BDC232D00BBB779 /* Products */ = {
			isa = PBXGroup;
			children = (
				58C04B3E2BDC232D00BBB779 /* lighthar.app */,
			);
			name = Products;
			sourceTree = "<group>";
		};
		58C04B402BDC232D00BBB779 /* lighthar */ = {
			isa = PBXGroup;
			children = (
				58B8A4EC2C25FD030056C722 /* lighthar.entitlements */,
				58B8A4EB2C25FB630056C722 /* Info.plist */,
				585DCF3F2BDC509400FC5F04 /* Manager */,
				585DCF3E2BDC507E00FC5F04 /* Models */,
				58C04B412BDC232D00BBB779 /* lightharApp.swift */,
				58C04B452BDC232E00BBB779 /* Assets.xcassets */,
				58C04B472BDC232E00BBB779 /* Preview Content */,
				58C04B812BDC2FE200BBB779 /* Models.swift */,
				58C90EA82C00FED700198E4B /* ModelSelectionViewUIView.swift */,
				58C90EAA2C00FF0800198E4B /* RunningView.swift */,
				58C90EAC2C00FF2E00198E4B /* LogsView.swift */,
				58C90EAE2C011AE500198E4B /* Log.swift */,
				580AF4542C1CCF89000FFDE3 /* Metrics.swift */,
			);
			path = lighthar;
			sourceTree = "<group>";
		};
		58C04B472BDC232E00BBB779 /* Preview Content */ = {
			isa = PBXGroup;
			children = (
				58C04B482BDC232E00BBB779 /* Preview Assets.xcassets */,
			);
			path = "Preview Content";
			sourceTree = "<group>";
		};
/* End PBXGroup section */

/* Begin PBXNativeTarget section */
		58C04B3D2BDC232D00BBB779 /* lighthar */ = {
			isa = PBXNativeTarget;
			buildConfigurationList = 58C04B4C2BDC232E00BBB779 /* Build configuration list for PBXNativeTarget "lighthar" */;
			buildPhases = (
				58C04B3A2BDC232D00BBB779 /* Sources */,
				58C04B3B2BDC232D00BBB779 /* Frameworks */,
				58C04B3C2BDC232D00BBB779 /* Resources */,
				58C04B642BDC283200BBB779 /* Embed Watch Content */,
			);
			buildRules = (
			);
			dependencies = (
			);
			name = lighthar;
			productName = lighthar;
			productReference = 58C04B3E2BDC232D00BBB779 /* lighthar.app */;
			productType = "com.apple.product-type.application";
		};
/* End PBXNativeTarget section */

/* Begin PBXProject section */
		58C04B362BDC232D00BBB779 /* Project object */ = {
			isa = PBXProject;
			attributes = {
				BuildIndependentTargetsInParallel = 1;
				LastSwiftUpdateCheck = 1530;
				LastUpgradeCheck = 1530;
				TargetAttributes = {
					58C04B3D2BDC232D00BBB779 = {
						CreatedOnToolsVersion = 15.3;
					};
				};
			};
			buildConfigurationList = 58C04B392BDC232D00BBB779 /* Build configuration list for PBXProject "lighthar" */;
			compatibilityVersion = "Xcode 14.0";
			developmentRegion = en;
			hasScannedForEncodings = 0;
			knownRegions = (
				en,
				Base,
			);
			mainGroup = 58C04B352BDC232D00BBB779;
			productRefGroup = 58C04B3F2BDC232D00BBB779 /* Products */;
			projectDirPath = "";
			projectRoot = "";
			targets = (
				58C04B3D2BDC232D00BBB779 /* lighthar */,
			);
		};
/* End PBXProject section */

/* Begin PBXResourcesBuildPhase section */
		58C04B3C2BDC232D00BBB779 /* Resources */ = {
			isa = PBXResourcesBuildPhase;
			buildActionMask = 2147483647;
			files = (
				58C04B492BDC232E00BBB779 /* Preview Assets.xcassets in Resources */,
				58C04B462BDC232E00BBB779 /* Assets.xcassets in Resources */,
			);
			runOnlyForDeploymentPostprocessing = 0;
		};
/* End PBXResourcesBuildPhase section */

/* Begin PBXSourcesBuildPhase section */
		58C04B3A2BDC232D00BBB779 /* Sources */ = {
			isa = PBXSourcesBuildPhase;
			buildActionMask = 2147483647;
			files = (
				585DCF732BDC542400FC5F04 /* LSTMThresholdPruner.mlpackage in Sources */,
				585DCF7D2BDC542400FC5F04 /* LSTM.mlpackage in Sources */,
				58C90EAF2C011AE500198E4B /* Log.swift in Sources */,
				585DCF592BDC542400FC5F04 /* CNNMagnitudePruner.mlpackage in Sources */,
				58C90EAD2C00FF2E00198E4B /* LogsView.swift in Sources */,
				585DCF6B2BDC542400FC5F04 /* CNNThresholdPruner.mlpackage in Sources */,
				585DCF7F2BDC542400FC5F04 /* TransformerMagnitudePruner.mlpackage in Sources */,
				585DCF712BDC542400FC5F04 /* MLPInt8LSQuantization.mlpackage in Sources */,
				585DCF672BDC542400FC5F04 /* TransformerThresholdPruner.mlpackage in Sources */,
				585DCF832BDC542400FC5F04 /* GRUPalettizationLUT.mlpackage in Sources */,
				580AF4532C1CC118000FFDE3 /* MetricsHandler.swift in Sources */,
				585DCF7B2BDC542400FC5F04 /* LSTMInt8LSQuantization.mlpackage in Sources */,
				585DCF612BDC542400FC5F04 /* CNN.mlpackage in Sources */,
				585DCF892BDC542400FC5F04 /* TransformerPalettizationLUT.mlpackage in Sources */,
				585DCF6F2BDC542400FC5F04 /* LSTMMagnitudePruner.mlpackage in Sources */,
				585DCF872BDC542400FC5F04 /* CNNInt8LSQuantization.mlpackage in Sources */,
				585DCF772BDC542400FC5F04 /* TransformerInt8LSQuantization.mlpackage in Sources */,
				585DCF392BDC4F7100FC5F04 /* AccelerometerManager.swift in Sources */,
				585DCF652BDC542400FC5F04 /* GRUMagnitudePruner.mlpackage in Sources */,
				585DCF5D2BDC542400FC5F04 /* MLPMagnitudePruner.mlpackage in Sources */,
				585DCF812BDC542400FC5F04 /* CNNPalettizationLUT.mlpackage in Sources */,
				58C04B822BDC2FE200BBB779 /* Models.swift in Sources */,
				585DCF852BDC542400FC5F04 /* MLPPalettizationLUT.mlpackage in Sources */,
				58C90EAB2C00FF0800198E4B /* RunningView.swift in Sources */,
				58C04B422BDC232D00BBB779 /* lightharApp.swift in Sources */,
				58B8A4EE2C260E2E0056C722 /* BackgroundTaskManager.swift in Sources */,
				585DCF692BDC542400FC5F04 /* MLP.mlpackage in Sources */,
				585DCF792BDC542400FC5F04 /* GRUInt8LSQuantization.mlpackage in Sources */,
				585DCF6D2BDC542400FC5F04 /* Transformer.mlpackage in Sources */,
				585DCF5F2BDC542400FC5F04 /* MLPThresholdPruner.mlpackage in Sources */,
				585DCF632BDC542400FC5F04 /* LSTMPalettizationLUT.mlpackage in Sources */,
				585DCF752BDC542400FC5F04 /* GRUThresholdPruner.mlpackage in Sources */,
				580AF4552C1CCF89000FFDE3 /* Metrics.swift in Sources */,
				58C90EA92C00FED700198E4B /* ModelSelectionViewUIView.swift in Sources */,
				585DCF5B2BDC542400FC5F04 /* GRU.mlpackage in Sources */,
			);
			runOnlyForDeploymentPostprocessing = 0;
		};
/* End PBXSourcesBuildPhase section */

/* Begin XCBuildConfiguration section */
		58C04B4A2BDC232E00BBB779 /* Debug */ = {
			isa = XCBuildConfiguration;
			buildSettings = {
				ALWAYS_SEARCH_USER_PATHS = NO;
				ASSETCATALOG_COMPILER_GENERATE_SWIFT_ASSET_SYMBOL_EXTENSIONS = YES;
				CLANG_ANALYZER_NONNULL = YES;
				CLANG_ANALYZER_NUMBER_OBJECT_CONVERSION = YES_AGGRESSIVE;
				CLANG_CXX_LANGUAGE_STANDARD = "gnu++20";
				CLANG_ENABLE_MODULES = YES;
				CLANG_ENABLE_OBJC_ARC = YES;
				CLANG_ENABLE_OBJC_WEAK = YES;
				CLANG_WARN_BLOCK_CAPTURE_AUTORELEASING = YES;
				CLANG_WARN_BOOL_CONVERSION = YES;
				CLANG_WARN_COMMA = YES;
				CLANG_WARN_CONSTANT_CONVERSION = YES;
				CLANG_WARN_DEPRECATED_OBJC_IMPLEMENTATIONS = YES;
				CLANG_WARN_DIRECT_OBJC_ISA_USAGE = YES_ERROR;
				CLANG_WARN_DOCUMENTATION_COMMENTS = YES;
				CLANG_WARN_EMPTY_BODY = YES;
				CLANG_WARN_ENUM_CONVERSION = YES;
				CLANG_WARN_INFINITE_RECURSION = YES;
				CLANG_WARN_INT_CONVERSION = YES;
				CLANG_WARN_NON_LITERAL_NULL_CONVERSION = YES;
				CLANG_WARN_OBJC_IMPLICIT_RETAIN_SELF = YES;
				CLANG_WARN_OBJC_LITERAL_CONVERSION = YES;
				CLANG_WARN_OBJC_ROOT_CLASS = YES_ERROR;
				CLANG_WARN_QUOTED_INCLUDE_IN_FRAMEWORK_HEADER = YES;
				CLANG_WARN_RANGE_LOOP_ANALYSIS = YES;
				CLANG_WARN_STRICT_PROTOTYPES = YES;
				CLANG_WARN_SUSPICIOUS_MOVE = YES;
				CLANG_WARN_UNGUARDED_AVAILABILITY = YES_AGGRESSIVE;
				CLANG_WARN_UNREACHABLE_CODE = YES;
				CLANG_WARN__DUPLICATE_METHOD_MATCH = YES;
				COPY_PHASE_STRIP = NO;
				DEBUG_INFORMATION_FORMAT = dwarf;
				ENABLE_STRICT_OBJC_MSGSEND = YES;
				ENABLE_TESTABILITY = YES;
				ENABLE_USER_SCRIPT_SANDBOXING = YES;
				GCC_C_LANGUAGE_STANDARD = gnu17;
				GCC_DYNAMIC_NO_PIC = NO;
				GCC_NO_COMMON_BLOCKS = YES;
				GCC_OPTIMIZATION_LEVEL = 0;
				GCC_PREPROCESSOR_DEFINITIONS = (
					"DEBUG=1",
					"$(inherited)",
				);
				GCC_WARN_64_TO_32_BIT_CONVERSION = YES;
				GCC_WARN_ABOUT_RETURN_TYPE = YES_ERROR;
				GCC_WARN_UNDECLARED_SELECTOR = YES;
				GCC_WARN_UNINITIALIZED_AUTOS = YES_AGGRESSIVE;
				GCC_WARN_UNUSED_FUNCTION = YES;
				GCC_WARN_UNUSED_VARIABLE = YES;
				INFOPLIST_KEY_NSMotionUsageDescription = "This application needs access to the Accelerometer";
				IPHONEOS_DEPLOYMENT_TARGET = 17.4;
				LOCALIZATION_PREFERS_STRING_CATALOGS = YES;
				MTL_ENABLE_DEBUG_INFO = INCLUDE_SOURCE;
				MTL_FAST_MATH = YES;
				ONLY_ACTIVE_ARCH = YES;
				SDKROOT = iphoneos;
				SWIFT_ACTIVE_COMPILATION_CONDITIONS = "DEBUG $(inherited)";
				SWIFT_OPTIMIZATION_LEVEL = "-Onone";
				WATCHOS_DEPLOYMENT_TARGET = 10.4;
			};
			name = Debug;
		};
		58C04B4B2BDC232E00BBB779 /* Release */ = {
			isa = XCBuildConfiguration;
			buildSettings = {
				ALWAYS_SEARCH_USER_PATHS = NO;
				ASSETCATALOG_COMPILER_GENERATE_SWIFT_ASSET_SYMBOL_EXTENSIONS = YES;
				CLANG_ANALYZER_NONNULL = YES;
				CLANG_ANALYZER_NUMBER_OBJECT_CONVERSION = YES_AGGRESSIVE;
				CLANG_CXX_LANGUAGE_STANDARD = "gnu++20";
				CLANG_ENABLE_MODULES = YES;
				CLANG_ENABLE_OBJC_ARC = YES;
				CLANG_ENABLE_OBJC_WEAK = YES;
				CLANG_WARN_BLOCK_CAPTURE_AUTORELEASING = YES;
				CLANG_WARN_BOOL_CONVERSION = YES;
				CLANG_WARN_COMMA = YES;
				CLANG_WARN_CONSTANT_CONVERSION = YES;
				CLANG_WARN_DEPRECATED_OBJC_IMPLEMENTATIONS = YES;
				CLANG_WARN_DIRECT_OBJC_ISA_USAGE = YES_ERROR;
				CLANG_WARN_DOCUMENTATION_COMMENTS = YES;
				CLANG_WARN_EMPTY_BODY = YES;
				CLANG_WARN_ENUM_CONVERSION = YES;
				CLANG_WARN_INFINITE_RECURSION = YES;
				CLANG_WARN_INT_CONVERSION = YES;
				CLANG_WARN_NON_LITERAL_NULL_CONVERSION = YES;
				CLANG_WARN_OBJC_IMPLICIT_RETAIN_SELF = YES;
				CLANG_WARN_OBJC_LITERAL_CONVERSION = YES;
				CLANG_WARN_OBJC_ROOT_CLASS = YES_ERROR;
				CLANG_WARN_QUOTED_INCLUDE_IN_FRAMEWORK_HEADER = YES;
				CLANG_WARN_RANGE_LOOP_ANALYSIS = YES;
				CLANG_WARN_STRICT_PROTOTYPES = YES;
				CLANG_WARN_SUSPICIOUS_MOVE = YES;
				CLANG_WARN_UNGUARDED_AVAILABILITY = YES_AGGRESSIVE;
				CLANG_WARN_UNREACHABLE_CODE = YES;
				CLANG_WARN__DUPLICATE_METHOD_MATCH = YES;
				COPY_PHASE_STRIP = NO;
				DEBUG_INFORMATION_FORMAT = "dwarf-with-dsym";
				ENABLE_NS_ASSERTIONS = NO;
				ENABLE_STRICT_OBJC_MSGSEND = YES;
				ENABLE_USER_SCRIPT_SANDBOXING = YES;
				GCC_C_LANGUAGE_STANDARD = gnu17;
				GCC_NO_COMMON_BLOCKS = YES;
				GCC_WARN_64_TO_32_BIT_CONVERSION = YES;
				GCC_WARN_ABOUT_RETURN_TYPE = YES_ERROR;
				GCC_WARN_UNDECLARED_SELECTOR = YES;
				GCC_WARN_UNINITIALIZED_AUTOS = YES_AGGRESSIVE;
				GCC_WARN_UNUSED_FUNCTION = YES;
				GCC_WARN_UNUSED_VARIABLE = YES;
				INFOPLIST_KEY_NSMotionUsageDescription = "This application needs access to the Accelerometer";
				IPHONEOS_DEPLOYMENT_TARGET = 17.4;
				LOCALIZATION_PREFERS_STRING_CATALOGS = YES;
				MTL_ENABLE_DEBUG_INFO = NO;
				MTL_FAST_MATH = YES;
				SDKROOT = iphoneos;
				SWIFT_COMPILATION_MODE = wholemodule;
				VALIDATE_PRODUCT = YES;
				WATCHOS_DEPLOYMENT_TARGET = 10.4;
			};
			name = Release;
		};
		58C04B4D2BDC232E00BBB779 /* Debug */ = {
			isa = XCBuildConfiguration;
			buildSettings = {
				ALWAYS_EMBED_SWIFT_STANDARD_LIBRARIES = YES;
				ASSETCATALOG_COMPILER_APPICON_NAME = AppIcon;
				ASSETCATALOG_COMPILER_GLOBAL_ACCENT_COLOR_NAME = AccentColor;
				CODE_SIGN_ENTITLEMENTS = lighthar/lighthar.entitlements;
				CODE_SIGN_STYLE = Automatic;
				CURRENT_PROJECT_VERSION = 1;
				DEVELOPMENT_ASSET_PATHS = "\"lighthar/Preview Content\"";
				DEVELOPMENT_TEAM = 6N8H894BGC;
				ENABLE_PREVIEWS = YES;
				GENERATE_INFOPLIST_FILE = YES;
				INFOPLIST_FILE = lighthar/Info.plist;
				INFOPLIST_KEY_NSMotionUsageDescription = "This application needs access to the Accelerometer";
				INFOPLIST_KEY_UIApplicationSceneManifest_Generation = YES;
				INFOPLIST_KEY_UIApplicationSupportsIndirectInputEvents = YES;
				INFOPLIST_KEY_UILaunchScreen_Generation = YES;
				INFOPLIST_KEY_UISupportedInterfaceOrientations_iPad = "UIInterfaceOrientationPortrait UIInterfaceOrientationPortraitUpsideDown UIInterfaceOrientationLandscapeLeft UIInterfaceOrientationLandscapeRight";
				INFOPLIST_KEY_UISupportedInterfaceOrientations_iPhone = "UIInterfaceOrientationPortrait UIInterfaceOrientationLandscapeLeft UIInterfaceOrientationLandscapeRight";
				LD_RUNPATH_SEARCH_PATHS = (
					"$(inherited)",
					"@executable_path/Frameworks",
				);
				MARKETING_VERSION = 1.0;
				NEW_SETTING = "";
				PRODUCT_BUNDLE_IDENTIFIER = bu.research.lighthar;
				PRODUCT_NAME = "$(TARGET_NAME)";
				SUPPORTED_PLATFORMS = "iphoneos iphonesimulator";
				SUPPORTS_MACCATALYST = NO;
				SUPPORTS_MAC_DESIGNED_FOR_IPHONE_IPAD = NO;
				SUPPORTS_XR_DESIGNED_FOR_IPHONE_IPAD = NO;
				SWIFT_EMIT_LOC_STRINGS = YES;
				SWIFT_VERSION = 5.0;
				TARGETED_DEVICE_FAMILY = 1;
			};
			name = Debug;
		};
		58C04B4E2BDC232E00BBB779 /* Release */ = {
			isa = XCBuildConfiguration;
			buildSettings = {
				ALWAYS_EMBED_SWIFT_STANDARD_LIBRARIES = YES;
				ASSETCATALOG_COMPILER_APPICON_NAME = AppIcon;
				ASSETCATALOG_COMPILER_GLOBAL_ACCENT_COLOR_NAME = AccentColor;
				CODE_SIGN_ENTITLEMENTS = lighthar/lighthar.entitlements;
				CODE_SIGN_STYLE = Automatic;
				CURRENT_PROJECT_VERSION = 1;
				DEVELOPMENT_ASSET_PATHS = "\"lighthar/Preview Content\"";
				DEVELOPMENT_TEAM = 6N8H894BGC;
				ENABLE_PREVIEWS = YES;
				GENERATE_INFOPLIST_FILE = YES;
				INFOPLIST_FILE = lighthar/Info.plist;
				INFOPLIST_KEY_NSMotionUsageDescription = "This application needs access to the Accelerometer";
				INFOPLIST_KEY_UIApplicationSceneManifest_Generation = YES;
				INFOPLIST_KEY_UIApplicationSupportsIndirectInputEvents = YES;
				INFOPLIST_KEY_UILaunchScreen_Generation = YES;
				INFOPLIST_KEY_UISupportedInterfaceOrientations_iPad = "UIInterfaceOrientationPortrait UIInterfaceOrientationPortraitUpsideDown UIInterfaceOrientationLandscapeLeft UIInterfaceOrientationLandscapeRight";
				INFOPLIST_KEY_UISupportedInterfaceOrientations_iPhone = "UIInterfaceOrientationPortrait UIInterfaceOrientationLandscapeLeft UIInterfaceOrientationLandscapeRight";
				LD_RUNPATH_SEARCH_PATHS = (
					"$(inherited)",
					"@executable_path/Frameworks",
				);
				MARKETING_VERSION = 1.0;
				NEW_SETTING = "";
				PRODUCT_BUNDLE_IDENTIFIER = bu.research.lighthar;
				PRODUCT_NAME = "$(TARGET_NAME)";
				SUPPORTED_PLATFORMS = "iphoneos iphonesimulator";
				SUPPORTS_MACCATALYST = NO;
				SUPPORTS_MAC_DESIGNED_FOR_IPHONE_IPAD = NO;
				SUPPORTS_XR_DESIGNED_FOR_IPHONE_IPAD = NO;
				SWIFT_EMIT_LOC_STRINGS = YES;
				SWIFT_VERSION = 5.0;
				TARGETED_DEVICE_FAMILY = 1;
			};
			name = Release;
		};
/* End XCBuildConfiguration section */

/* Begin XCConfigurationList section */
		58C04B392BDC232D00BBB779 /* Build configuration list for PBXProject "lighthar" */ = {
			isa = XCConfigurationList;
			buildConfigurations = (
				58C04B4A2BDC232E00BBB779 /* Debug */,
				58C04B4B2BDC232E00BBB779 /* Release */,
			);
			defaultConfigurationIsVisible = 0;
			defaultConfigurationName = Release;
		};
		58C04B4C2BDC232E00BBB779 /* Build configuration list for PBXNativeTarget "lighthar" */ = {
			isa = XCConfigurationList;
			buildConfigurations = (
				58C04B4D2BDC232E00BBB779 /* Debug */,
				58C04B4E2BDC232E00BBB779 /* Release */,
			);
			defaultConfigurationIsVisible = 0;
			defaultConfigurationName = Release;
		};
/* End XCConfigurationList section */
	};
	rootObject = 58C04B362BDC232D00BBB779 /* Project object */;
}
